
Microsoft Visual Studio Solution File, Format Version 12.00
# Visual Studio Version 16
VisualStudioVersion = 16.0.28922.388
MinimumVisualStudioVersion = 10.0.40219.1
Project("{9A19103F-16F7-4668-BE54-9A1E7A4F7556}") = "App", "..\App.csproj", "{431562CC-5014-4429-BD53-390A84C42583}"
EndProject
Project("{9A19103F-16F7-4668-BE54-9A1E7A4F7556}") = "App.Domain", "..\..\App.Domain\App.Domain.csproj", "{91EE081F-E918-4F2F-A158-F59F916303E3}"
EndProject
Project("{9A19103F-16F7-4668-BE54-9A1E7A4F7556}") = "App.Services", "..\..\App.Services\App.Services.csproj", "{55D7C446-03DA-4902-9C8F-EFFB21CED096}"
EndProject
Project("{9A19103F-16F7-4668-BE54-9A1E7A4F7556}") = "App.Tests", "..\..\App.Tests\App.Tests.csproj", "{A3A18AD7-6B4E-4016-8E76-AA196030653B}"
EndProject
Project("{9A19103F-16F7-4668-BE54-9A1E7A4F7556}") = "App.Integrations.Tests", "..\..\App.Services.Tests\App.Integrations.Tests.csproj", "{DDB1A668-1640-4443-AFC9-85FDFCD29DAC}"
EndProject
Global
	GlobalSection(SolutionConfigurationPlatforms) = preSolution
		Debug|Any CPU = Debug|Any CPU
		Release|Any CPU = Release|Any CPU
	EndGlobalSection
	GlobalSection(ProjectConfigurationPlatforms) = postSolution
		{431562CC-5014-4429-BD53-390A84C42583}.Debug|Any CPU.ActiveCfg = Debug|Any CPU
		{431562CC-5014-4429-BD53-390A84C42583}.Debug|Any CPU.Build.0 = Debug|Any CPU
		{431562CC-5014-4429-BD53-390A84C42583}.Release|Any CPU.ActiveCfg = Release|Any CPU
		{431562CC-5014-4429-BD53-390A84C42583}.Release|Any CPU.Build.0 = Release|Any CPU
		{91EE081F-E918-4F2F-A158-F59F916303E3}.Debug|Any CPU.ActiveCfg = Debug|Any CPU
		{91EE081F-E918-4F2F-A158-F59F916303E3}.Debug|Any CPU.Build.0 = Debug|Any CPU
		{91EE081F-E918-4F2F-A158-F59F916303E3}.Release|Any CPU.ActiveCfg = Release|Any CPU
		{91EE081F-E918-4F2F-A158-F59F916303E3}.Release|Any CPU.Build.0 = Release|Any CPU
		{55D7C446-03DA-4902-9C8F-EFFB21CED096}.Debug|Any CPU.ActiveCfg = Debug|Any CPU
		{55D7C446-03DA-4902-9C8F-EFFB21CED096}.Debug|Any CPU.Build.0 = Debug|Any CPU
		{55D7C446-03DA-4902-9C8F-EFFB21CED096}.Release|Any CPU.ActiveCfg = Release|Any CPU
		{55D7C446-03DA-4902-9C8F-EFFB21CED096}.Release|Any CPU.Build.0 = Release|Any CPU
		{A3A18AD7-6B4E-4016-8E76-AA196030653B}.Debug|Any CPU.ActiveCfg = Debug|Any CPU
		{A3A18AD7-6B4E-4016-8E76-AA196030653B}.Debug|Any CPU.Build.0 = Debug|Any CPU
		{A3A18AD7-6B4E-4016-8E76-AA196030653B}.Release|Any CPU.ActiveCfg = Release|Any CPU
		{A3A18AD7-6B4E-4016-8E76-AA196030653B}.Release|Any CPU.Build.0 = Release|Any CPU
		{DDB1A668-1640-4443-AFC9-85FDFCD29DAC}.Debug|Any CPU.ActiveCfg = Debug|Any CPU
		{DDB1A668-1640-4443-AFC9-85FDFCD29DAC}.Debug|Any CPU.Build.0 = Debug|Any CPU
		{DDB1A668-1640-4443-AFC9-85FDFCD29DAC}.Release|Any CPU.ActiveCfg = Release|Any CPU
		{DDB1A668-1640-4443-AFC9-85FDFCD29DAC}.Release|Any CPU.Build.0 = Release|Any CPU
	EndGlobalSection
	GlobalSection(SolutionProperties) = preSolution
		HideSolutionNode = FALSE
	EndGlobalSection
	GlobalSection(ExtensibilityGlobals) = postSolution
		SolutionGuid = {282AD2CE-747F-45A2-9515-C8C6CAA4B2D3}
	EndGlobalSection
EndGlobal
